schema: '2.0'
stages:
  data_ingestion:
    cmd: python src/data/data_ingestion.py
    deps:
    - path: src/data/data_ingestion.py
      hash: md5
      md5: e14b5d7b3d7956c9db23f288a68f9dcc
      size: 2352
    outs:
    - path: data/raw
      hash: md5
      md5: f3154e78b81bd3146418d95adfe640e8.dir
      size: 1006158
      nfiles: 2
  data_preprocessing:
    cmd: python src/data/data_preprocessing.py
    deps:
    - path: data/raw
      hash: md5
      md5: f3154e78b81bd3146418d95adfe640e8.dir
      size: 1006158
      nfiles: 2
    - path: src/data/data_preprocessing.py
      hash: md5
      md5: c198c592b548e17b1cf2b39a5a291445
      size: 3153
    outs:
    - path: data/interim
      hash: md5
      md5: 6483d39a786c50a1a9c3e19eeb4699e1.dir
      size: 693735
      nfiles: 2
  feature_engineering:
    cmd: python src/features/feature_engineering.py
    deps:
    - path: data/interim
      hash: md5
      md5: 6483d39a786c50a1a9c3e19eeb4699e1.dir
      size: 693735
      nfiles: 2
    - path: src/features/feature_engineering.py
      hash: md5
      md5: 7cbde2447e99cfad71d3a6cb497183d8
      size: 2388
    params:
      params.yaml:
        feature_engineering.max_features: 50
    outs:
    - path: data/processed
      hash: md5
      md5: 23904c35e50ee843888a5a145c952cfe.dir
      size: 1422003
      nfiles: 2
  model_building:
    cmd: python src/model/model_building.py
    deps:
    - path: data/processed
      hash: md5
      md5: 23904c35e50ee843888a5a145c952cfe.dir
      size: 1422003
      nfiles: 2
    - path: src/model/model_building.py
      hash: md5
      md5: f5a0d051cbc2e4411c61662dd5aeeb11
      size: 1073
    params:
      params.yaml:
        model_building.learning_rate: 0.1
        model_building.n_estimators: 25
    outs:
    - path: model.pkl
      hash: md5
      md5: f19e699cee3601438aa6cf9cc84fd09a
      size: 39968
  model_evaluation:
    cmd: python src/model/model_evaluation.py
    deps:
    - path: model.pkl
      hash: md5
      md5: f19e699cee3601438aa6cf9cc84fd09a
      size: 39968
    - path: src/model/model_evaluation.py
      hash: md5
      md5: df97847b98824439410fe2dbd8b067ee
      size: 1610
    outs:
    - path: metrics.json
      hash: md5
      md5: f002dcac918f44bd5727335c4f6d8764
      size: 122
