schema: '2.0'
stages:
  data_ingestion:
    cmd: python src/data/data_ingestion.py
    deps:
    - path: src/data/data_ingestion.py
      hash: md5
      md5: e14b5d7b3d7956c9db23f288a68f9dcc
      size: 2352
    outs:
    - path: data/raw
      hash: md5
      md5: f3154e78b81bd3146418d95adfe640e8.dir
      size: 1006158
      nfiles: 2
  data_preprocessing:
    cmd: python src/data/data_preprocessing.py
    deps:
    - path: data/raw
      hash: md5
      md5: f3154e78b81bd3146418d95adfe640e8.dir
      size: 1006158
      nfiles: 2
    - path: src/data/data_preprocessing.py
      hash: md5
      md5: c198c592b548e17b1cf2b39a5a291445
      size: 3153
    outs:
    - path: data/interim
      hash: md5
      md5: 6483d39a786c50a1a9c3e19eeb4699e1.dir
      size: 693735
      nfiles: 2
  feature_engineering:
    cmd: python src/features/feature_engineering.py
    deps:
    - path: data/interim
      hash: md5
      md5: 6483d39a786c50a1a9c3e19eeb4699e1.dir
      size: 693735
      nfiles: 2
    - path: src/features/feature_engineering.py
      hash: md5
      md5: edb04a0efaad3d2c96c07ed32ce8de11
      size: 2385
    params:
      params.yaml:
        feature_engineering.max_features: 50
    outs:
    - path: data/processed
      hash: md5
      md5: fa4091441e78bdb3fa7c170edb78dc85.dir
      size: 3031478
      nfiles: 2
  model_building:
    cmd: python src/model/model_building.py
    deps:
    - path: data/processed
      hash: md5
      md5: fa4091441e78bdb3fa7c170edb78dc85.dir
      size: 3031478
      nfiles: 2
    - path: src/model/model_building.py
      hash: md5
      md5: 03c803733501f3625b939f84cbf26bb7
      size: 1075
    params:
      params.yaml:
        model_building.learning_rate: 0.1
        model_building.n_estimators: 25
    outs:
    - path: model.pkl
      hash: md5
      md5: f7cdc4d3c8277b76de541fb22fbeaa1f
      size: 39248
  model_evaluation:
    cmd: python src/model/model_evaluation.py
    deps:
    - path: model.pkl
      hash: md5
      md5: f7cdc4d3c8277b76de541fb22fbeaa1f
      size: 39248
    - path: src/model/model_evaluation.py
      hash: md5
      md5: 338240ac164724183180a431c106dcea
      size: 1612
    outs:
    - path: metrics.json
      hash: md5
      md5: f46662436d840327d218101a7924b1e7
      size: 122
